
Microsoft Visual Studio Solution File, Format Version 12.00
# Visual Studio Version 16
VisualStudioVersion = 16.0.29123.88
MinimumVisualStudioVersion = 10.0.40219.1
Project("{9A19103F-16F7-4668-BE54-9A1E7A4F7556}") = "TESTAPI", "TESTAPI\TESTAPI.csproj", "{3673632A-F641-419F-A717-83B2EFD40DCF}"
EndProject
Project("{9A19103F-16F7-4668-BE54-9A1E7A4F7556}") = "TESTAPI.TESTING", "TESTAPI.TESTING\TESTAPI.TESTING.csproj", "{8F90B437-5CBA-4EE2-B7DB-CCD96155D298}"
EndProject
Project("{FAE04EC0-301F-11D3-BF4B-00C04F79EFBC}") = "TESTAPI.SDK", "TESTAPI.SDK\TESTAPI.SDK.csproj", "{C9213F1B-CA53-4ABB-A80C-21DC5D04BE7D}"
EndProject
Project("{FAE04EC0-301F-11D3-BF4B-00C04F79EFBC}") = "TESTAPI.SDK.SAMPLE", "TESTAPI.SDK.SAMPLE\TESTAPI.SDK.SAMPLE.csproj", "{6DC241CB-BDEF-46A8-9943-E696356F196B}"
EndProject
Project("{FAE04EC0-301F-11D3-BF4B-00C04F79EFBC}") = "TESTAPI.Contract", "TESTAPI.Contract\TESTAPI.Contract.csproj", "{73E4BA7E-15BD-4BD3-8A44-6394BE55DBF7}"
EndProject
Global
	GlobalSection(SolutionConfigurationPlatforms) = preSolution
		Debug|Any CPU = Debug|Any CPU
		Release|Any CPU = Release|Any CPU
	EndGlobalSection
	GlobalSection(ProjectConfigurationPlatforms) = postSolution
		{3673632A-F641-419F-A717-83B2EFD40DCF}.Debug|Any CPU.ActiveCfg = Debug|Any CPU
		{3673632A-F641-419F-A717-83B2EFD40DCF}.Debug|Any CPU.Build.0 = Debug|Any CPU
		{3673632A-F641-419F-A717-83B2EFD40DCF}.Release|Any CPU.ActiveCfg = Release|Any CPU
		{3673632A-F641-419F-A717-83B2EFD40DCF}.Release|Any CPU.Build.0 = Release|Any CPU
		{8F90B437-5CBA-4EE2-B7DB-CCD96155D298}.Debug|Any CPU.ActiveCfg = Debug|Any CPU
		{8F90B437-5CBA-4EE2-B7DB-CCD96155D298}.Debug|Any CPU.Build.0 = Debug|Any CPU
		{8F90B437-5CBA-4EE2-B7DB-CCD96155D298}.Release|Any CPU.ActiveCfg = Release|Any CPU
		{8F90B437-5CBA-4EE2-B7DB-CCD96155D298}.Release|Any CPU.Build.0 = Release|Any CPU
		{C9213F1B-CA53-4ABB-A80C-21DC5D04BE7D}.Debug|Any CPU.ActiveCfg = Debug|Any CPU
		{C9213F1B-CA53-4ABB-A80C-21DC5D04BE7D}.Debug|Any CPU.Build.0 = Debug|Any CPU
		{C9213F1B-CA53-4ABB-A80C-21DC5D04BE7D}.Release|Any CPU.ActiveCfg = Release|Any CPU
		{C9213F1B-CA53-4ABB-A80C-21DC5D04BE7D}.Release|Any CPU.Build.0 = Release|Any CPU
		{6DC241CB-BDEF-46A8-9943-E696356F196B}.Debug|Any CPU.ActiveCfg = Debug|Any CPU
		{6DC241CB-BDEF-46A8-9943-E696356F196B}.Debug|Any CPU.Build.0 = Debug|Any CPU
		{6DC241CB-BDEF-46A8-9943-E696356F196B}.Release|Any CPU.ActiveCfg = Release|Any CPU
		{6DC241CB-BDEF-46A8-9943-E696356F196B}.Release|Any CPU.Build.0 = Release|Any CPU
		{73E4BA7E-15BD-4BD3-8A44-6394BE55DBF7}.Debug|Any CPU.ActiveCfg = Debug|Any CPU
		{73E4BA7E-15BD-4BD3-8A44-6394BE55DBF7}.Debug|Any CPU.Build.0 = Debug|Any CPU
		{73E4BA7E-15BD-4BD3-8A44-6394BE55DBF7}.Release|Any CPU.ActiveCfg = Release|Any CPU
		{73E4BA7E-15BD-4BD3-8A44-6394BE55DBF7}.Release|Any CPU.Build.0 = Release|Any CPU
	EndGlobalSection
	GlobalSection(SolutionProperties) = preSolution
		HideSolutionNode = FALSE
	EndGlobalSection
	GlobalSection(ExtensibilityGlobals) = postSolution
		SolutionGuid = {920E60A3-2E4B-435B-BE19-3CC1C45617EE}
	EndGlobalSection
EndGlobal
